
Microsoft Visual Studio Solution File, Format Version 12.00
# Visual Studio Version 17
VisualStudioVersion = 17.2.32519.379
MinimumVisualStudioVersion = 10.0.40219.1
Project("{FAE04EC0-301F-11D3-BF4B-00C04F79EFBC}") = "ableton-theme-editor", "ableton-theme-editor\ableton-theme-editor.csproj", "{262969FE-F394-408A-99BC-27A1EE658239}"
EndProject
Project("{FAE04EC0-301F-11D3-BF4B-00C04F79EFBC}") = "ableton-theme-editor.core", "ableton-theme-editor.core\ableton-theme-editor.core.csproj", "{1147F06E-A0E3-410E-A5EB-2363230A2D8F}"
EndProject
Global
	GlobalSection(SolutionConfigurationPlatforms) = preSolution
		Debug|Any CPU = Debug|Any CPU
		Release|Any CPU = Release|Any CPU
	EndGlobalSection
	GlobalSection(ProjectConfigurationPlatforms) = postSolution
		{262969FE-F394-408A-99BC-27A1EE658239}.Debug|Any CPU.ActiveCfg = Debug|Any CPU
		{262969FE-F394-408A-99BC-27A1EE658239}.Debug|Any CPU.Build.0 = Debug|Any CPU
		{262969FE-F394-408A-99BC-27A1EE658239}.Release|Any CPU.ActiveCfg = Release|Any CPU
		{262969FE-F394-408A-99BC-27A1EE658239}.Release|Any CPU.Build.0 = Release|Any CPU
		{1147F06E-A0E3-410E-A5EB-2363230A2D8F}.Debug|Any CPU.ActiveCfg = Debug|Any CPU
		{1147F06E-A0E3-410E-A5EB-2363230A2D8F}.Debug|Any CPU.Build.0 = Debug|Any CPU
		{1147F06E-A0E3-410E-A5EB-2363230A2D8F}.Release|Any CPU.ActiveCfg = Release|Any CPU
		{1147F06E-A0E3-410E-A5EB-2363230A2D8F}.Release|Any CPU.Build.0 = Release|Any CPU
	EndGlobalSection
	GlobalSection(SolutionProperties) = preSolution
		HideSolutionNode = FALSE
	EndGlobalSection
	GlobalSection(ExtensibilityGlobals) = postSolution
		SolutionGuid = {1FF13D7A-C1F1-4E54-B97B-9B6C21D85F09}
	EndGlobalSection
EndGlobal
